<?xml version="1.0" encoding="utf-8"?>
<Project ToolsVersion="4.0" xmlns="http://schemas.microsoft.com/developer/msbuild/2003">
  <ItemGroup>
    <ClCompile Include="main.cpp" />
    <ClCompile Include="Code\pch.cpp" />
    <ClCompile Include="Code\Game.cpp">
      <Filter>Code</Filter>
    </ClCompile>
    <ClCompile Include="Code\GameLogic.cpp">
      <Filter>Code</Filter>
    </ClCompile>
    <ClCompile Include="Code\GameObjects\Katamari.cpp">
      <Filter>Code\GameObjects</Filter>
    </ClCompile>
  </ItemGroup>
  <ItemGroup>
    <ClInclude Include="Code\pch.h" />
    <ClInclude Include="resource.h">
      <Filter>Resources</Filter>
    </ClInclude>
    <ClInclude Include="Code\Game.h">
      <Filter>Code</Filter>
    </ClInclude>
    <ClInclude Include="Code\GameLogic.h">
      <Filter>Code</Filter>
    </ClInclude>
    <ClInclude Include="Code\GameObjects\Katamari.h">
      <Filter>Code\GameObjects</Filter>
    </ClInclude>
  </ItemGroup>
  <ItemGroup>
    <Filter Include="Code">
      <UniqueIdentifier>{1dda9bfc-a2f6-4a63-be84-58f0eb00a312}</UniqueIdentifier>
    </Filter>
    <Filter Include="Resources">
      <UniqueIdentifier>{186e4929-ec61-440f-9283-55377ab4c55a}</UniqueIdentifier>
    </Filter>
    <Filter Include="Code\GameObjects">
      <UniqueIdentifier>{28b824d1-2b46-4f4a-805b-6563b17d5a6f}</UniqueIdentifier>
    </Filter>
  </ItemGroup>
  <ItemGroup>
    <ResourceCompile Include="DX_Katamari.rc">
      <Filter>Resources</Filter>
    </ResourceCompile>
  </ItemGroup>
  <ItemGroup>
    <Image Include="icon.ico">
      <Filter>Resources</Filter>
    </Image>
  </ItemGroup>
</Project>